
Microsoft Visual Studio Solution File, Format Version 12.00
# Visual Studio Version 16
VisualStudioVersion = 16.0.32106.194
MinimumVisualStudioVersion = 10.0.40219.1
Project("{FAE04EC0-301F-11D3-BF4B-00C04F79EFBC}") = "FlightPlanner", "FlightPlanner\FlightPlanner.csproj", "{88424585-E3A2-46E7-8DA3-67C17FF63571}"
EndProject
Global
	GlobalSection(SolutionConfigurationPlatforms) = preSolution
		Debug|Any CPU = Debug|Any CPU
		Release|Any CPU = Release|Any CPU
	EndGlobalSection
	GlobalSection(ProjectConfigurationPlatforms) = postSolution
		{88424585-E3A2-46E7-8DA3-67C17FF63571}.Debug|Any CPU.ActiveCfg = Debug|Any CPU
		{88424585-E3A2-46E7-8DA3-67C17FF63571}.Debug|Any CPU.Build.0 = Debug|Any CPU
		{88424585-E3A2-46E7-8DA3-67C17FF63571}.Release|Any CPU.ActiveCfg = Release|Any CPU
		{88424585-E3A2-46E7-8DA3-67C17FF63571}.Release|Any CPU.Build.0 = Release|Any CPU
	EndGlobalSection
	GlobalSection(SolutionProperties) = preSolution
		HideSolutionNode = FALSE
	EndGlobalSection
	GlobalSection(ExtensibilityGlobals) = postSolution
		SolutionGuid = {F3C7183C-2039-4770-A275-32C36CF9A91E}
	EndGlobalSection
EndGlobal
